
Microsoft Visual Studio Solution File, Format Version 11.00
# Visual Studio 2010
Project("{FAE04EC0-301F-11D3-BF4B-00C04F79EFBC}") = "Helpers", "Helpers\Helpers.csproj", "{2988EA16-FBA2-46D4-8D3A-85899FE9EBD0}"
EndProject
Project("{2150E333-8FDC-42A3-9474-1A3956D46DE8}") = "Solution Items", "Solution Items", "{BB262ECE-8534-4BBC-81B2-0AA6F409BDC5}"
	ProjectSection(SolutionItems) = preProject
		CompanyGroup.vsmdi = CompanyGroup.vsmdi
		Local.testsettings = Local.testsettings
		TraceAndTestImpact.testsettings = TraceAndTestImpact.testsettings
	EndProjectSection
EndProject
Project("{FAE04EC0-301F-11D3-BF4B-00C04F79EFBC}") = "CompanyGroup.Dto", "CompanyGroup.Dto\CompanyGroup.Dto.csproj", "{68A772C3-C742-4282-A5B3-2A11C17FC867}"
EndProject
Project("{2150E333-8FDC-42A3-9474-1A3956D46DE8}") = "Test", "Test", "{AF95D764-C816-4591-B323-7BC5534F2627}"
EndProject
Project("{2150E333-8FDC-42A3-9474-1A3956D46DE8}") = "Infrastructure", "Infrastructure", "{A8DB4073-BEBC-424D-8239-9A45B8B9BC6B}"
EndProject
Project("{FAE04EC0-301F-11D3-BF4B-00C04F79EFBC}") = "CompanyGroup.Domain", "CompanyGroup.Domain\CompanyGroup.Domain.csproj", "{D73A25A5-CE2D-432B-B18A-F914E451B348}"
EndProject
Project("{2150E333-8FDC-42A3-9474-1A3956D46DE8}") = "Domain", "Domain", "{CC18C824-5846-486E-B804-A22CD332AA2A}"
EndProject
Project("{2150E333-8FDC-42A3-9474-1A3956D46DE8}") = "Application", "Application", "{5FF99639-0D11-4903-B819-F9D0DAADEB30}"
EndProject
Project("{FAE04EC0-301F-11D3-BF4B-00C04F79EFBC}") = "CompanyGroup.Data", "CompanyGroup.Data\CompanyGroup.Data.csproj", "{B5745945-E479-483F-8853-686632796022}"
EndProject
Project("{FAE04EC0-301F-11D3-BF4B-00C04F79EFBC}") = "CompanyGroup.Data.Test", "CompanyGroup.Data.Test\CompanyGroup.Data.Test.csproj", "{575AAD90-8A16-4834-BBD6-ED9B27C4BE0A}"
EndProject
Project("{2150E333-8FDC-42A3-9474-1A3956D46DE8}") = "DistributedServices", "DistributedServices", "{57D64E3D-D026-4C87-AB0E-990C9C07B119}"
EndProject
Project("{FAE04EC0-301F-11D3-BF4B-00C04F79EFBC}") = "CompanyGroup.ApplicationServices", "CompanyGroup.ApplicationServices\CompanyGroup.ApplicationServices.csproj", "{3EF7105F-5854-49AC-8EA2-C6DDECC0864F}"
EndProject
Project("{E24C65DC-7377-472B-9ABA-BC803B73C61A}") = "CompanyGroup.ServicesHost", "http://localhost/CompanyGroup.ServicesHost", "{D67FDCA6-EDE3-401B-950F-40435DBF0058}"
	ProjectSection(WebsiteProperties) = preProject
		UseIISExpress = "false"
		TargetFrameworkMoniker = ".NETFramework,Version%3Dv4.0"
		ProjectReferences = "{3EF7105F-5854-49AC-8EA2-C6DDECC0864F}|CompanyGroup.ApplicationServices.dll;{B5745945-E479-483F-8853-686632796022}|CompanyGroup.Data.dll;{D73A25A5-CE2D-432B-B18A-F914E451B348}|CompanyGroup.Domain.dll;{68A772C3-C742-4282-A5B3-2A11C17FC867}|CompanyGroup.Dto.dll;{2988EA16-FBA2-46D4-8D3A-85899FE9EBD0}|CompanyGroup.Helpers.dll;"
		Debug.AspNetCompiler.VirtualPath = "/CompanyGroup.ServicesHost"
		Debug.AspNetCompiler.PhysicalPath = "CompanyGroup.ServicesHost\"
		Debug.AspNetCompiler.TargetPath = "PrecompiledWeb\CompanyGroup.ServicesHost\"
		Debug.AspNetCompiler.Updateable = "true"
		Debug.AspNetCompiler.ForceOverwrite = "true"
		Debug.AspNetCompiler.FixedNames = "false"
		Debug.AspNetCompiler.Debug = "True"
		Release.AspNetCompiler.VirtualPath = "/CompanyGroup.ServicesHost"
		Release.AspNetCompiler.PhysicalPath = "CompanyGroup.ServicesHost\"
		Release.AspNetCompiler.TargetPath = "PrecompiledWeb\CompanyGroup.ServicesHost\"
		Release.AspNetCompiler.Updateable = "true"
		Release.AspNetCompiler.ForceOverwrite = "true"
		Release.AspNetCompiler.FixedNames = "false"
		Release.AspNetCompiler.Debug = "False"
		SlnRelativePath = "CompanyGroup.ServicesHost\"
	EndProjectSection
EndProject
Project("{FAE04EC0-301F-11D3-BF4B-00C04F79EFBC}") = "CompanyGroup.ApplicationServices.Test", "CompanyGroup.ApplicationServices.Test\CompanyGroup.ApplicationServices.Test.csproj", "{063AA617-A51A-4A18-8711-A549AF5A3CCF}"
EndProject
Project("{159641D6-6404-4A2A-AE62-294DE0FE8301}") = "CompanyGroup.IntegrationServices", "CompanyGroup.IntegrationServices\CompanyGroup.IntegrationServices.dtproj", "{0E5CC355-9429-4AA4-A977-864FBE1D78AD}"
EndProject
Project("{FAE04EC0-301F-11D3-BF4B-00C04F79EFBC}") = "CompanyGroup.GlobalServicesHost", "CompanyGroup.GlobalServicesHost\CompanyGroup.GlobalServicesHost.csproj", "{B30FD063-1790-4E66-B251-E5EAB44D6499}"
EndProject
Project("{FAE04EC0-301F-11D3-BF4B-00C04F79EFBC}") = "CompanyGroup.WebClient", "CompanyGroup.WebClient\CompanyGroup.WebClient.csproj", "{75933679-965F-4E0E-876C-01D3C472EC6D}"
EndProject
Project("{FAE04EC0-301F-11D3-BF4B-00C04F79EFBC}") = "CompanyGroup.WebApi", "CompanyGroup.WebApi\CompanyGroup.WebApi.csproj", "{3A132538-2971-4B26-8B3D-E574BCC6C428}"
EndProject
Project("{FAE04EC0-301F-11D3-BF4B-00C04F79EFBC}") = "CompanyGroup.WebApi.Tests", "CompanyGroup.WebApi.Tests\CompanyGroup.WebApi.Tests.csproj", "{CA26C542-B450-4890-9A48-8B03FC18371F}"
EndProject
Project("{FAE04EC0-301F-11D3-BF4B-00C04F79EFBC}") = "CompanyGroup.Sync.Msmq", "CompanyGroup.Sync.Msmq\CompanyGroup.Sync.Msmq.csproj", "{76887EF8-E695-421A-BD32-8F7C9B3453B6}"
EndProject
Project("{FAE04EC0-301F-11D3-BF4B-00C04F79EFBC}") = "CompanyGroup.Sync.MsmqConsoleHost", "CompanyGroup.Sync.MsmqConsoleHost\CompanyGroup.Sync.MsmqConsoleHost.csproj", "{EA5FD96C-12F8-4234-A5E6-13C01F312843}"
EndProject
Project("{FAE04EC0-301F-11D3-BF4B-00C04F79EFBC}") = "CompanyGroup.Sync.MsmqTest", "CompanyGroup.Sync.MsmqTest\CompanyGroup.Sync.MsmqTest.csproj", "{B4BA415A-FE50-429A-8034-714AEEB4E7A0}"
EndProject
Project("{FAE04EC0-301F-11D3-BF4B-00C04F79EFBC}") = "CompanyGroup.TraceListener", "CompanyGroup.TraceListener\CompanyGroup.TraceListener.csproj", "{D6210432-17AE-41FE-A73A-69D9C9777FA9}"
EndProject
Project("{FAE04EC0-301F-11D3-BF4B-00C04F79EFBC}") = "CompanyGroup.DataChangeWatcher", "CompanyGroup.DataChangeWatcher\CompanyGroup.DataChangeWatcher.csproj", "{B0CE2451-59FA-4447-A3E7-FB6B6FF06881}"
EndProject
Project("{FAE04EC0-301F-11D3-BF4B-00C04F79EFBC}") = "CompanyGroup.DataChangeWatcher.Test", "CompanyGroup.DataChangeWatcher.Test\CompanyGroup.DataChangeWatcher.Test.csproj", "{26E09F96-7484-4BAE-9BA3-6A66738523EF}"
EndProject
Project("{FAE04EC0-301F-11D3-BF4B-00C04F79EFBC}") = "CompanyGroup.DataChangeWatcher.ConsoleTest", "CompanyGroup.DataChangeWatcher.ConsoleTest\CompanyGroup.DataChangeWatcher.ConsoleTest.csproj", "{BA8885C3-CA2A-4DFA-A8A6-6722DB463BA3}"
EndProject
Global
	GlobalSection(TestCaseManagementSettings) = postSolution
		CategoryFile = CompanyGroup.vsmdi
	EndGlobalSection
	GlobalSection(SolutionConfigurationPlatforms) = preSolution
		Debug|Any CPU = Debug|Any CPU
		Debug|Mixed Platforms = Debug|Mixed Platforms
		Debug|x86 = Debug|x86
		Development|Any CPU = Development|Any CPU
		Development|Mixed Platforms = Development|Mixed Platforms
		Development|x86 = Development|x86
		Release|Any CPU = Release|Any CPU
		Release|Mixed Platforms = Release|Mixed Platforms
		Release|x86 = Release|x86
	EndGlobalSection
	GlobalSection(ProjectConfigurationPlatforms) = postSolution
		{2988EA16-FBA2-46D4-8D3A-85899FE9EBD0}.Debug|Any CPU.ActiveCfg = Debug|Any CPU
		{2988EA16-FBA2-46D4-8D3A-85899FE9EBD0}.Debug|Any CPU.Build.0 = Debug|Any CPU
		{2988EA16-FBA2-46D4-8D3A-85899FE9EBD0}.Debug|Mixed Platforms.ActiveCfg = Debug|Any CPU
		{2988EA16-FBA2-46D4-8D3A-85899FE9EBD0}.Debug|Mixed Platforms.Build.0 = Debug|Any CPU
		{2988EA16-FBA2-46D4-8D3A-85899FE9EBD0}.Debug|x86.ActiveCfg = Debug|Any CPU
		{2988EA16-FBA2-46D4-8D3A-85899FE9EBD0}.Development|Any CPU.ActiveCfg = Debug|Any CPU
		{2988EA16-FBA2-46D4-8D3A-85899FE9EBD0}.Development|Any CPU.Build.0 = Debug|Any CPU
		{2988EA16-FBA2-46D4-8D3A-85899FE9EBD0}.Development|Mixed Platforms.ActiveCfg = Debug|Any CPU
		{2988EA16-FBA2-46D4-8D3A-85899FE9EBD0}.Development|Mixed Platforms.Build.0 = Debug|Any CPU
		{2988EA16-FBA2-46D4-8D3A-85899FE9EBD0}.Development|x86.ActiveCfg = Debug|Any CPU
		{2988EA16-FBA2-46D4-8D3A-85899FE9EBD0}.Release|Any CPU.ActiveCfg = Release|Any CPU
		{2988EA16-FBA2-46D4-8D3A-85899FE9EBD0}.Release|Any CPU.Build.0 = Release|Any CPU
		{2988EA16-FBA2-46D4-8D3A-85899FE9EBD0}.Release|Mixed Platforms.ActiveCfg = Release|Any CPU
		{2988EA16-FBA2-46D4-8D3A-85899FE9EBD0}.Release|Mixed Platforms.Build.0 = Release|Any CPU
		{2988EA16-FBA2-46D4-8D3A-85899FE9EBD0}.Release|x86.ActiveCfg = Release|Any CPU
		{68A772C3-C742-4282-A5B3-2A11C17FC867}.Debug|Any CPU.ActiveCfg = Debug|Any CPU
		{68A772C3-C742-4282-A5B3-2A11C17FC867}.Debug|Any CPU.Build.0 = Debug|Any CPU
		{68A772C3-C742-4282-A5B3-2A11C17FC867}.Debug|Mixed Platforms.ActiveCfg = Debug|Any CPU
		{68A772C3-C742-4282-A5B3-2A11C17FC867}.Debug|Mixed Platforms.Build.0 = Debug|Any CPU
		{68A772C3-C742-4282-A5B3-2A11C17FC867}.Debug|x86.ActiveCfg = Debug|Any CPU
		{68A772C3-C742-4282-A5B3-2A11C17FC867}.Development|Any CPU.ActiveCfg = Debug|Any CPU
		{68A772C3-C742-4282-A5B3-2A11C17FC867}.Development|Any CPU.Build.0 = Debug|Any CPU
		{68A772C3-C742-4282-A5B3-2A11C17FC867}.Development|Mixed Platforms.ActiveCfg = Debug|Any CPU
		{68A772C3-C742-4282-A5B3-2A11C17FC867}.Development|Mixed Platforms.Build.0 = Debug|Any CPU
		{68A772C3-C742-4282-A5B3-2A11C17FC867}.Development|x86.ActiveCfg = Debug|Any CPU
		{68A772C3-C742-4282-A5B3-2A11C17FC867}.Release|Any CPU.ActiveCfg = Release|Any CPU
		{68A772C3-C742-4282-A5B3-2A11C17FC867}.Release|Any CPU.Build.0 = Release|Any CPU
		{68A772C3-C742-4282-A5B3-2A11C17FC867}.Release|Mixed Platforms.ActiveCfg = Release|Any CPU
		{68A772C3-C742-4282-A5B3-2A11C17FC867}.Release|Mixed Platforms.Build.0 = Release|Any CPU
		{68A772C3-C742-4282-A5B3-2A11C17FC867}.Release|x86.ActiveCfg = Release|Any CPU
		{D73A25A5-CE2D-432B-B18A-F914E451B348}.Debug|Any CPU.ActiveCfg = Debug|Any CPU
		{D73A25A5-CE2D-432B-B18A-F914E451B348}.Debug|Any CPU.Build.0 = Debug|Any CPU
		{D73A25A5-CE2D-432B-B18A-F914E451B348}.Debug|Mixed Platforms.ActiveCfg = Debug|Any CPU
		{D73A25A5-CE2D-432B-B18A-F914E451B348}.Debug|Mixed Platforms.Build.0 = Debug|Any CPU
		{D73A25A5-CE2D-432B-B18A-F914E451B348}.Debug|x86.ActiveCfg = Debug|Any CPU
		{D73A25A5-CE2D-432B-B18A-F914E451B348}.Development|Any CPU.ActiveCfg = Debug|Any CPU
		{D73A25A5-CE2D-432B-B18A-F914E451B348}.Development|Any CPU.Build.0 = Debug|Any CPU
		{D73A25A5-CE2D-432B-B18A-F914E451B348}.Development|Mixed Platforms.ActiveCfg = Debug|Any CPU
		{D73A25A5-CE2D-432B-B18A-F914E451B348}.Development|Mixed Platforms.Build.0 = Debug|Any CPU
		{D73A25A5-CE2D-432B-B18A-F914E451B348}.Development|x86.ActiveCfg = Debug|Any CPU
		{D73A25A5-CE2D-432B-B18A-F914E451B348}.Release|Any CPU.ActiveCfg = Release|Any CPU
		{D73A25A5-CE2D-432B-B18A-F914E451B348}.Release|Any CPU.Build.0 = Release|Any CPU
		{D73A25A5-CE2D-432B-B18A-F914E451B348}.Release|Mixed Platforms.ActiveCfg = Release|Any CPU
		{D73A25A5-CE2D-432B-B18A-F914E451B348}.Release|Mixed Platforms.Build.0 = Release|Any CPU
		{D73A25A5-CE2D-432B-B18A-F914E451B348}.Release|x86.ActiveCfg = Release|Any CPU
		{B5745945-E479-483F-8853-686632796022}.Debug|Any CPU.ActiveCfg = Debug|Any CPU
		{B5745945-E479-483F-8853-686632796022}.Debug|Any CPU.Build.0 = Debug|Any CPU
		{B5745945-E479-483F-8853-686632796022}.Debug|Mixed Platforms.ActiveCfg = Debug|Any CPU
		{B5745945-E479-483F-8853-686632796022}.Debug|Mixed Platforms.Build.0 = Debug|Any CPU
		{B5745945-E479-483F-8853-686632796022}.Debug|x86.ActiveCfg = Debug|Any CPU
		{B5745945-E479-483F-8853-686632796022}.Development|Any CPU.ActiveCfg = Debug|Any CPU
		{B5745945-E479-483F-8853-686632796022}.Development|Any CPU.Build.0 = Debug|Any CPU
		{B5745945-E479-483F-8853-686632796022}.Development|Mixed Platforms.ActiveCfg = Debug|Any CPU
		{B5745945-E479-483F-8853-686632796022}.Development|Mixed Platforms.Build.0 = Debug|Any CPU
		{B5745945-E479-483F-8853-686632796022}.Development|x86.ActiveCfg = Debug|Any CPU
		{B5745945-E479-483F-8853-686632796022}.Release|Any CPU.ActiveCfg = Release|Any CPU
		{B5745945-E479-483F-8853-686632796022}.Release|Any CPU.Build.0 = Release|Any CPU
		{B5745945-E479-483F-8853-686632796022}.Release|Mixed Platforms.ActiveCfg = Release|Any CPU
		{B5745945-E479-483F-8853-686632796022}.Release|Mixed Platforms.Build.0 = Release|Any CPU
		{B5745945-E479-483F-8853-686632796022}.Release|x86.ActiveCfg = Release|Any CPU
		{575AAD90-8A16-4834-BBD6-ED9B27C4BE0A}.Debug|Any CPU.ActiveCfg = Debug|Any CPU
		{575AAD90-8A16-4834-BBD6-ED9B27C4BE0A}.Debug|Any CPU.Build.0 = Debug|Any CPU
		{575AAD90-8A16-4834-BBD6-ED9B27C4BE0A}.Debug|Mixed Platforms.ActiveCfg = Debug|Any CPU
		{575AAD90-8A16-4834-BBD6-ED9B27C4BE0A}.Debug|Mixed Platforms.Build.0 = Debug|Any CPU
		{575AAD90-8A16-4834-BBD6-ED9B27C4BE0A}.Debug|x86.ActiveCfg = Debug|Any CPU
		{575AAD90-8A16-4834-BBD6-ED9B27C4BE0A}.Development|Any CPU.ActiveCfg = Debug|Any CPU
		{575AAD90-8A16-4834-BBD6-ED9B27C4BE0A}.Development|Any CPU.Build.0 = Debug|Any CPU
		{575AAD90-8A16-4834-BBD6-ED9B27C4BE0A}.Development|Mixed Platforms.ActiveCfg = Debug|Any CPU
		{575AAD90-8A16-4834-BBD6-ED9B27C4BE0A}.Development|Mixed Platforms.Build.0 = Debug|Any CPU
		{575AAD90-8A16-4834-BBD6-ED9B27C4BE0A}.Development|x86.ActiveCfg = Debug|Any CPU
		{575AAD90-8A16-4834-BBD6-ED9B27C4BE0A}.Release|Any CPU.ActiveCfg = Release|Any CPU
		{575AAD90-8A16-4834-BBD6-ED9B27C4BE0A}.Release|Any CPU.Build.0 = Release|Any CPU
		{575AAD90-8A16-4834-BBD6-ED9B27C4BE0A}.Release|Mixed Platforms.ActiveCfg = Release|Any CPU
		{575AAD90-8A16-4834-BBD6-ED9B27C4BE0A}.Release|Mixed Platforms.Build.0 = Release|Any CPU
		{575AAD90-8A16-4834-BBD6-ED9B27C4BE0A}.Release|x86.ActiveCfg = Release|Any CPU
		{3EF7105F-5854-49AC-8EA2-C6DDECC0864F}.Debug|Any CPU.ActiveCfg = Debug|Any CPU
		{3EF7105F-5854-49AC-8EA2-C6DDECC0864F}.Debug|Any CPU.Build.0 = Debug|Any CPU
		{3EF7105F-5854-49AC-8EA2-C6DDECC0864F}.Debug|Mixed Platforms.ActiveCfg = Debug|Any CPU
		{3EF7105F-5854-49AC-8EA2-C6DDECC0864F}.Debug|Mixed Platforms.Build.0 = Debug|Any CPU
		{3EF7105F-5854-49AC-8EA2-C6DDECC0864F}.Debug|x86.ActiveCfg = Debug|Any CPU
		{3EF7105F-5854-49AC-8EA2-C6DDECC0864F}.Development|Any CPU.ActiveCfg = Debug|Any CPU
		{3EF7105F-5854-49AC-8EA2-C6DDECC0864F}.Development|Any CPU.Build.0 = Debug|Any CPU
		{3EF7105F-5854-49AC-8EA2-C6DDECC0864F}.Development|Mixed Platforms.ActiveCfg = Debug|Any CPU
		{3EF7105F-5854-49AC-8EA2-C6DDECC0864F}.Development|Mixed Platforms.Build.0 = Debug|Any CPU
		{3EF7105F-5854-49AC-8EA2-C6DDECC0864F}.Development|x86.ActiveCfg = Debug|Any CPU
		{3EF7105F-5854-49AC-8EA2-C6DDECC0864F}.Release|Any CPU.ActiveCfg = Release|Any CPU
		{3EF7105F-5854-49AC-8EA2-C6DDECC0864F}.Release|Any CPU.Build.0 = Release|Any CPU
		{3EF7105F-5854-49AC-8EA2-C6DDECC0864F}.Release|Mixed Platforms.ActiveCfg = Release|Any CPU
		{3EF7105F-5854-49AC-8EA2-C6DDECC0864F}.Release|Mixed Platforms.Build.0 = Release|Any CPU
		{3EF7105F-5854-49AC-8EA2-C6DDECC0864F}.Release|x86.ActiveCfg = Release|Any CPU
		{D67FDCA6-EDE3-401B-950F-40435DBF0058}.Debug|Any CPU.ActiveCfg = Debug|Any CPU
		{D67FDCA6-EDE3-401B-950F-40435DBF0058}.Debug|Any CPU.Build.0 = Debug|Any CPU
		{D67FDCA6-EDE3-401B-950F-40435DBF0058}.Debug|Mixed Platforms.ActiveCfg = Debug|Any CPU
		{D67FDCA6-EDE3-401B-950F-40435DBF0058}.Debug|Mixed Platforms.Build.0 = Debug|Any CPU
		{D67FDCA6-EDE3-401B-950F-40435DBF0058}.Debug|x86.ActiveCfg = Debug|Any CPU
		{D67FDCA6-EDE3-401B-950F-40435DBF0058}.Development|Any CPU.ActiveCfg = Debug|Any CPU
		{D67FDCA6-EDE3-401B-950F-40435DBF0058}.Development|Any CPU.Build.0 = Debug|Any CPU
		{D67FDCA6-EDE3-401B-950F-40435DBF0058}.Development|Mixed Platforms.ActiveCfg = Debug|Any CPU
		{D67FDCA6-EDE3-401B-950F-40435DBF0058}.Development|Mixed Platforms.Build.0 = Debug|Any CPU
		{D67FDCA6-EDE3-401B-950F-40435DBF0058}.Development|x86.ActiveCfg = Debug|Any CPU
		{D67FDCA6-EDE3-401B-950F-40435DBF0058}.Release|Any CPU.ActiveCfg = Debug|Any CPU
		{D67FDCA6-EDE3-401B-950F-40435DBF0058}.Release|Any CPU.Build.0 = Debug|Any CPU
		{D67FDCA6-EDE3-401B-950F-40435DBF0058}.Release|Mixed Platforms.ActiveCfg = Debug|Any CPU
		{D67FDCA6-EDE3-401B-950F-40435DBF0058}.Release|Mixed Platforms.Build.0 = Debug|Any CPU
		{D67FDCA6-EDE3-401B-950F-40435DBF0058}.Release|x86.ActiveCfg = Debug|Any CPU
		{063AA617-A51A-4A18-8711-A549AF5A3CCF}.Debug|Any CPU.ActiveCfg = Debug|Any CPU
		{063AA617-A51A-4A18-8711-A549AF5A3CCF}.Debug|Any CPU.Build.0 = Debug|Any CPU
		{063AA617-A51A-4A18-8711-A549AF5A3CCF}.Debug|Mixed Platforms.ActiveCfg = Debug|Any CPU
		{063AA617-A51A-4A18-8711-A549AF5A3CCF}.Debug|Mixed Platforms.Build.0 = Debug|Any CPU
		{063AA617-A51A-4A18-8711-A549AF5A3CCF}.Debug|x86.ActiveCfg = Debug|Any CPU
		{063AA617-A51A-4A18-8711-A549AF5A3CCF}.Development|Any CPU.ActiveCfg = Debug|Any CPU
		{063AA617-A51A-4A18-8711-A549AF5A3CCF}.Development|Any CPU.Build.0 = Debug|Any CPU
		{063AA617-A51A-4A18-8711-A549AF5A3CCF}.Development|Mixed Platforms.ActiveCfg = Debug|Any CPU
		{063AA617-A51A-4A18-8711-A549AF5A3CCF}.Development|Mixed Platforms.Build.0 = Debug|Any CPU
		{063AA617-A51A-4A18-8711-A549AF5A3CCF}.Development|x86.ActiveCfg = Debug|Any CPU
		{063AA617-A51A-4A18-8711-A549AF5A3CCF}.Release|Any CPU.ActiveCfg = Release|Any CPU
		{063AA617-A51A-4A18-8711-A549AF5A3CCF}.Release|Any CPU.Build.0 = Release|Any CPU
		{063AA617-A51A-4A18-8711-A549AF5A3CCF}.Release|Mixed Platforms.ActiveCfg = Release|Any CPU
		{063AA617-A51A-4A18-8711-A549AF5A3CCF}.Release|Mixed Platforms.Build.0 = Release|Any CPU
		{063AA617-A51A-4A18-8711-A549AF5A3CCF}.Release|x86.ActiveCfg = Release|Any CPU
		{0E5CC355-9429-4AA4-A977-864FBE1D78AD}.Debug|Any CPU.ActiveCfg = Development
		{0E5CC355-9429-4AA4-A977-864FBE1D78AD}.Debug|Any CPU.Build.0 = Development
		{0E5CC355-9429-4AA4-A977-864FBE1D78AD}.Debug|Mixed Platforms.ActiveCfg = Development
		{0E5CC355-9429-4AA4-A977-864FBE1D78AD}.Debug|Mixed Platforms.Build.0 = Development
		{0E5CC355-9429-4AA4-A977-864FBE1D78AD}.Debug|x86.ActiveCfg = Development
		{0E5CC355-9429-4AA4-A977-864FBE1D78AD}.Debug|x86.Build.0 = Development
		{0E5CC355-9429-4AA4-A977-864FBE1D78AD}.Development|Any CPU.ActiveCfg = Development
		{0E5CC355-9429-4AA4-A977-864FBE1D78AD}.Development|Any CPU.Build.0 = Development
		{0E5CC355-9429-4AA4-A977-864FBE1D78AD}.Development|Mixed Platforms.ActiveCfg = Development
		{0E5CC355-9429-4AA4-A977-864FBE1D78AD}.Development|Mixed Platforms.Build.0 = Development
		{0E5CC355-9429-4AA4-A977-864FBE1D78AD}.Development|x86.ActiveCfg = Development
		{0E5CC355-9429-4AA4-A977-864FBE1D78AD}.Development|x86.Build.0 = Development
		{0E5CC355-9429-4AA4-A977-864FBE1D78AD}.Release|Any CPU.ActiveCfg = Development
		{0E5CC355-9429-4AA4-A977-864FBE1D78AD}.Release|Any CPU.Build.0 = Development
		{0E5CC355-9429-4AA4-A977-864FBE1D78AD}.Release|Mixed Platforms.ActiveCfg = Development
		{0E5CC355-9429-4AA4-A977-864FBE1D78AD}.Release|Mixed Platforms.Build.0 = Development
		{0E5CC355-9429-4AA4-A977-864FBE1D78AD}.Release|x86.ActiveCfg = Development
		{0E5CC355-9429-4AA4-A977-864FBE1D78AD}.Release|x86.Build.0 = Development
		{B30FD063-1790-4E66-B251-E5EAB44D6499}.Debug|Any CPU.ActiveCfg = Debug|Any CPU
		{B30FD063-1790-4E66-B251-E5EAB44D6499}.Debug|Any CPU.Build.0 = Debug|Any CPU
		{B30FD063-1790-4E66-B251-E5EAB44D6499}.Debug|Mixed Platforms.ActiveCfg = Debug|Any CPU
		{B30FD063-1790-4E66-B251-E5EAB44D6499}.Debug|Mixed Platforms.Build.0 = Debug|Any CPU
		{B30FD063-1790-4E66-B251-E5EAB44D6499}.Debug|x86.ActiveCfg = Debug|Any CPU
		{B30FD063-1790-4E66-B251-E5EAB44D6499}.Development|Any CPU.ActiveCfg = Debug|Any CPU
		{B30FD063-1790-4E66-B251-E5EAB44D6499}.Development|Any CPU.Build.0 = Debug|Any CPU
		{B30FD063-1790-4E66-B251-E5EAB44D6499}.Development|Mixed Platforms.ActiveCfg = Debug|Any CPU
		{B30FD063-1790-4E66-B251-E5EAB44D6499}.Development|Mixed Platforms.Build.0 = Debug|Any CPU
		{B30FD063-1790-4E66-B251-E5EAB44D6499}.Development|x86.ActiveCfg = Debug|Any CPU
		{B30FD063-1790-4E66-B251-E5EAB44D6499}.Release|Any CPU.ActiveCfg = Release|Any CPU
		{B30FD063-1790-4E66-B251-E5EAB44D6499}.Release|Any CPU.Build.0 = Release|Any CPU
		{B30FD063-1790-4E66-B251-E5EAB44D6499}.Release|Mixed Platforms.ActiveCfg = Release|Any CPU
		{B30FD063-1790-4E66-B251-E5EAB44D6499}.Release|Mixed Platforms.Build.0 = Release|Any CPU
		{B30FD063-1790-4E66-B251-E5EAB44D6499}.Release|x86.ActiveCfg = Release|Any CPU
		{75933679-965F-4E0E-876C-01D3C472EC6D}.Debug|Any CPU.ActiveCfg = Debug|Any CPU
		{75933679-965F-4E0E-876C-01D3C472EC6D}.Debug|Any CPU.Build.0 = Debug|Any CPU
		{75933679-965F-4E0E-876C-01D3C472EC6D}.Debug|Mixed Platforms.ActiveCfg = Debug|Any CPU
		{75933679-965F-4E0E-876C-01D3C472EC6D}.Debug|Mixed Platforms.Build.0 = Debug|Any CPU
		{75933679-965F-4E0E-876C-01D3C472EC6D}.Debug|x86.ActiveCfg = Debug|Any CPU
		{75933679-965F-4E0E-876C-01D3C472EC6D}.Development|Any CPU.ActiveCfg = Debug|Any CPU
		{75933679-965F-4E0E-876C-01D3C472EC6D}.Development|Any CPU.Build.0 = Debug|Any CPU
		{75933679-965F-4E0E-876C-01D3C472EC6D}.Development|Mixed Platforms.ActiveCfg = Debug|Any CPU
		{75933679-965F-4E0E-876C-01D3C472EC6D}.Development|Mixed Platforms.Build.0 = Debug|Any CPU
		{75933679-965F-4E0E-876C-01D3C472EC6D}.Development|x86.ActiveCfg = Debug|Any CPU
		{75933679-965F-4E0E-876C-01D3C472EC6D}.Release|Any CPU.ActiveCfg = Release|Any CPU
		{75933679-965F-4E0E-876C-01D3C472EC6D}.Release|Any CPU.Build.0 = Release|Any CPU
		{75933679-965F-4E0E-876C-01D3C472EC6D}.Release|Mixed Platforms.ActiveCfg = Release|Any CPU
		{75933679-965F-4E0E-876C-01D3C472EC6D}.Release|Mixed Platforms.Build.0 = Release|Any CPU
		{75933679-965F-4E0E-876C-01D3C472EC6D}.Release|x86.ActiveCfg = Release|Any CPU
		{3A132538-2971-4B26-8B3D-E574BCC6C428}.Debug|Any CPU.ActiveCfg = Debug|Any CPU
		{3A132538-2971-4B26-8B3D-E574BCC6C428}.Debug|Any CPU.Build.0 = Debug|Any CPU
		{3A132538-2971-4B26-8B3D-E574BCC6C428}.Debug|Mixed Platforms.ActiveCfg = Debug|Any CPU
		{3A132538-2971-4B26-8B3D-E574BCC6C428}.Debug|Mixed Platforms.Build.0 = Debug|Any CPU
		{3A132538-2971-4B26-8B3D-E574BCC6C428}.Debug|x86.ActiveCfg = Debug|Any CPU
		{3A132538-2971-4B26-8B3D-E574BCC6C428}.Development|Any CPU.ActiveCfg = Debug|Any CPU
		{3A132538-2971-4B26-8B3D-E574BCC6C428}.Development|Any CPU.Build.0 = Debug|Any CPU
		{3A132538-2971-4B26-8B3D-E574BCC6C428}.Development|Mixed Platforms.ActiveCfg = Debug|Any CPU
		{3A132538-2971-4B26-8B3D-E574BCC6C428}.Development|Mixed Platforms.Build.0 = Debug|Any CPU
		{3A132538-2971-4B26-8B3D-E574BCC6C428}.Development|x86.ActiveCfg = Debug|Any CPU
		{3A132538-2971-4B26-8B3D-E574BCC6C428}.Release|Any CPU.ActiveCfg = Release|Any CPU
		{3A132538-2971-4B26-8B3D-E574BCC6C428}.Release|Any CPU.Build.0 = Release|Any CPU
		{3A132538-2971-4B26-8B3D-E574BCC6C428}.Release|Mixed Platforms.ActiveCfg = Release|Any CPU
		{3A132538-2971-4B26-8B3D-E574BCC6C428}.Release|Mixed Platforms.Build.0 = Release|Any CPU
		{3A132538-2971-4B26-8B3D-E574BCC6C428}.Release|x86.ActiveCfg = Release|Any CPU
		{CA26C542-B450-4890-9A48-8B03FC18371F}.Debug|Any CPU.ActiveCfg = Debug|Any CPU
		{CA26C542-B450-4890-9A48-8B03FC18371F}.Debug|Any CPU.Build.0 = Debug|Any CPU
		{CA26C542-B450-4890-9A48-8B03FC18371F}.Debug|Mixed Platforms.ActiveCfg = Debug|Any CPU
		{CA26C542-B450-4890-9A48-8B03FC18371F}.Debug|Mixed Platforms.Build.0 = Debug|Any CPU
		{CA26C542-B450-4890-9A48-8B03FC18371F}.Debug|x86.ActiveCfg = Debug|Any CPU
		{CA26C542-B450-4890-9A48-8B03FC18371F}.Development|Any CPU.ActiveCfg = Debug|Any CPU
		{CA26C542-B450-4890-9A48-8B03FC18371F}.Development|Any CPU.Build.0 = Debug|Any CPU
		{CA26C542-B450-4890-9A48-8B03FC18371F}.Development|Mixed Platforms.ActiveCfg = Debug|Any CPU
		{CA26C542-B450-4890-9A48-8B03FC18371F}.Development|Mixed Platforms.Build.0 = Debug|Any CPU
		{CA26C542-B450-4890-9A48-8B03FC18371F}.Development|x86.ActiveCfg = Debug|Any CPU
		{CA26C542-B450-4890-9A48-8B03FC18371F}.Release|Any CPU.ActiveCfg = Release|Any CPU
		{CA26C542-B450-4890-9A48-8B03FC18371F}.Release|Any CPU.Build.0 = Release|Any CPU
		{CA26C542-B450-4890-9A48-8B03FC18371F}.Release|Mixed Platforms.ActiveCfg = Release|Any CPU
		{CA26C542-B450-4890-9A48-8B03FC18371F}.Release|Mixed Platforms.Build.0 = Release|Any CPU
		{CA26C542-B450-4890-9A48-8B03FC18371F}.Release|x86.ActiveCfg = Release|Any CPU
		{76887EF8-E695-421A-BD32-8F7C9B3453B6}.Debug|Any CPU.ActiveCfg = Debug|Any CPU
		{76887EF8-E695-421A-BD32-8F7C9B3453B6}.Debug|Any CPU.Build.0 = Debug|Any CPU
		{76887EF8-E695-421A-BD32-8F7C9B3453B6}.Debug|Mixed Platforms.ActiveCfg = Debug|Any CPU
		{76887EF8-E695-421A-BD32-8F7C9B3453B6}.Debug|Mixed Platforms.Build.0 = Debug|Any CPU
		{76887EF8-E695-421A-BD32-8F7C9B3453B6}.Debug|x86.ActiveCfg = Debug|Any CPU
		{76887EF8-E695-421A-BD32-8F7C9B3453B6}.Development|Any CPU.ActiveCfg = Debug|Any CPU
		{76887EF8-E695-421A-BD32-8F7C9B3453B6}.Development|Any CPU.Build.0 = Debug|Any CPU
		{76887EF8-E695-421A-BD32-8F7C9B3453B6}.Development|Mixed Platforms.ActiveCfg = Debug|Any CPU
		{76887EF8-E695-421A-BD32-8F7C9B3453B6}.Development|Mixed Platforms.Build.0 = Debug|Any CPU
		{76887EF8-E695-421A-BD32-8F7C9B3453B6}.Development|x86.ActiveCfg = Debug|Any CPU
		{76887EF8-E695-421A-BD32-8F7C9B3453B6}.Release|Any CPU.ActiveCfg = Release|Any CPU
		{76887EF8-E695-421A-BD32-8F7C9B3453B6}.Release|Any CPU.Build.0 = Release|Any CPU
		{76887EF8-E695-421A-BD32-8F7C9B3453B6}.Release|Mixed Platforms.ActiveCfg = Release|Any CPU
		{76887EF8-E695-421A-BD32-8F7C9B3453B6}.Release|Mixed Platforms.Build.0 = Release|Any CPU
		{76887EF8-E695-421A-BD32-8F7C9B3453B6}.Release|x86.ActiveCfg = Release|Any CPU
		{EA5FD96C-12F8-4234-A5E6-13C01F312843}.Debug|Any CPU.ActiveCfg = Debug|x86
		{EA5FD96C-12F8-4234-A5E6-13C01F312843}.Debug|Mixed Platforms.ActiveCfg = Debug|x86
		{EA5FD96C-12F8-4234-A5E6-13C01F312843}.Debug|Mixed Platforms.Build.0 = Debug|x86
		{EA5FD96C-12F8-4234-A5E6-13C01F312843}.Debug|x86.ActiveCfg = Debug|x86
		{EA5FD96C-12F8-4234-A5E6-13C01F312843}.Debug|x86.Build.0 = Debug|x86
		{EA5FD96C-12F8-4234-A5E6-13C01F312843}.Development|Any CPU.ActiveCfg = Debug|x86
		{EA5FD96C-12F8-4234-A5E6-13C01F312843}.Development|Mixed Platforms.ActiveCfg = Debug|x86
		{EA5FD96C-12F8-4234-A5E6-13C01F312843}.Development|Mixed Platforms.Build.0 = Debug|x86
		{EA5FD96C-12F8-4234-A5E6-13C01F312843}.Development|x86.ActiveCfg = Debug|x86
		{EA5FD96C-12F8-4234-A5E6-13C01F312843}.Development|x86.Build.0 = Debug|x86
		{EA5FD96C-12F8-4234-A5E6-13C01F312843}.Release|Any CPU.ActiveCfg = Release|x86
		{EA5FD96C-12F8-4234-A5E6-13C01F312843}.Release|Mixed Platforms.ActiveCfg = Release|x86
		{EA5FD96C-12F8-4234-A5E6-13C01F312843}.Release|Mixed Platforms.Build.0 = Release|x86
		{EA5FD96C-12F8-4234-A5E6-13C01F312843}.Release|x86.ActiveCfg = Release|x86
		{EA5FD96C-12F8-4234-A5E6-13C01F312843}.Release|x86.Build.0 = Release|x86
		{B4BA415A-FE50-429A-8034-714AEEB4E7A0}.Debug|Any CPU.ActiveCfg = Debug|Any CPU
		{B4BA415A-FE50-429A-8034-714AEEB4E7A0}.Debug|Any CPU.Build.0 = Debug|Any CPU
		{B4BA415A-FE50-429A-8034-714AEEB4E7A0}.Debug|Mixed Platforms.ActiveCfg = Debug|Any CPU
		{B4BA415A-FE50-429A-8034-714AEEB4E7A0}.Debug|Mixed Platforms.Build.0 = Debug|Any CPU
		{B4BA415A-FE50-429A-8034-714AEEB4E7A0}.Debug|x86.ActiveCfg = Debug|Any CPU
		{B4BA415A-FE50-429A-8034-714AEEB4E7A0}.Development|Any CPU.ActiveCfg = Debug|Any CPU
		{B4BA415A-FE50-429A-8034-714AEEB4E7A0}.Development|Any CPU.Build.0 = Debug|Any CPU
		{B4BA415A-FE50-429A-8034-714AEEB4E7A0}.Development|Mixed Platforms.ActiveCfg = Debug|Any CPU
		{B4BA415A-FE50-429A-8034-714AEEB4E7A0}.Development|Mixed Platforms.Build.0 = Debug|Any CPU
		{B4BA415A-FE50-429A-8034-714AEEB4E7A0}.Development|x86.ActiveCfg = Debug|Any CPU
		{B4BA415A-FE50-429A-8034-714AEEB4E7A0}.Release|Any CPU.ActiveCfg = Release|Any CPU
		{B4BA415A-FE50-429A-8034-714AEEB4E7A0}.Release|Any CPU.Build.0 = Release|Any CPU
		{B4BA415A-FE50-429A-8034-714AEEB4E7A0}.Release|Mixed Platforms.ActiveCfg = Release|Any CPU
		{B4BA415A-FE50-429A-8034-714AEEB4E7A0}.Release|Mixed Platforms.Build.0 = Release|Any CPU
		{B4BA415A-FE50-429A-8034-714AEEB4E7A0}.Release|x86.ActiveCfg = Release|Any CPU
		{D6210432-17AE-41FE-A73A-69D9C9777FA9}.Debug|Any CPU.ActiveCfg = Debug|Any CPU
		{D6210432-17AE-41FE-A73A-69D9C9777FA9}.Debug|Any CPU.Build.0 = Debug|Any CPU
		{D6210432-17AE-41FE-A73A-69D9C9777FA9}.Debug|Mixed Platforms.ActiveCfg = Debug|Any CPU
		{D6210432-17AE-41FE-A73A-69D9C9777FA9}.Debug|Mixed Platforms.Build.0 = Debug|Any CPU
		{D6210432-17AE-41FE-A73A-69D9C9777FA9}.Debug|x86.ActiveCfg = Debug|Any CPU
		{D6210432-17AE-41FE-A73A-69D9C9777FA9}.Development|Any CPU.ActiveCfg = Debug|Any CPU
		{D6210432-17AE-41FE-A73A-69D9C9777FA9}.Development|Any CPU.Build.0 = Debug|Any CPU
		{D6210432-17AE-41FE-A73A-69D9C9777FA9}.Development|Mixed Platforms.ActiveCfg = Debug|Any CPU
		{D6210432-17AE-41FE-A73A-69D9C9777FA9}.Development|Mixed Platforms.Build.0 = Debug|Any CPU
		{D6210432-17AE-41FE-A73A-69D9C9777FA9}.Development|x86.ActiveCfg = Debug|Any CPU
		{D6210432-17AE-41FE-A73A-69D9C9777FA9}.Release|Any CPU.ActiveCfg = Release|Any CPU
		{D6210432-17AE-41FE-A73A-69D9C9777FA9}.Release|Any CPU.Build.0 = Release|Any CPU
		{D6210432-17AE-41FE-A73A-69D9C9777FA9}.Release|Mixed Platforms.ActiveCfg = Release|Any CPU
		{D6210432-17AE-41FE-A73A-69D9C9777FA9}.Release|Mixed Platforms.Build.0 = Release|Any CPU
		{D6210432-17AE-41FE-A73A-69D9C9777FA9}.Release|x86.ActiveCfg = Release|Any CPU
		{B0CE2451-59FA-4447-A3E7-FB6B6FF06881}.Debug|Any CPU.ActiveCfg = Debug|Any CPU
		{B0CE2451-59FA-4447-A3E7-FB6B6FF06881}.Debug|Any CPU.Build.0 = Debug|Any CPU
		{B0CE2451-59FA-4447-A3E7-FB6B6FF06881}.Debug|Mixed Platforms.ActiveCfg = Debug|Any CPU
		{B0CE2451-59FA-4447-A3E7-FB6B6FF06881}.Debug|Mixed Platforms.Build.0 = Debug|Any CPU
		{B0CE2451-59FA-4447-A3E7-FB6B6FF06881}.Debug|x86.ActiveCfg = Debug|Any CPU
		{B0CE2451-59FA-4447-A3E7-FB6B6FF06881}.Development|Any CPU.ActiveCfg = Debug|Any CPU
		{B0CE2451-59FA-4447-A3E7-FB6B6FF06881}.Development|Any CPU.Build.0 = Debug|Any CPU
		{B0CE2451-59FA-4447-A3E7-FB6B6FF06881}.Development|Mixed Platforms.ActiveCfg = Debug|Any CPU
		{B0CE2451-59FA-4447-A3E7-FB6B6FF06881}.Development|Mixed Platforms.Build.0 = Debug|Any CPU
		{B0CE2451-59FA-4447-A3E7-FB6B6FF06881}.Development|x86.ActiveCfg = Debug|Any CPU
		{B0CE2451-59FA-4447-A3E7-FB6B6FF06881}.Release|Any CPU.ActiveCfg = Release|Any CPU
		{B0CE2451-59FA-4447-A3E7-FB6B6FF06881}.Release|Any CPU.Build.0 = Release|Any CPU
		{B0CE2451-59FA-4447-A3E7-FB6B6FF06881}.Release|Mixed Platforms.ActiveCfg = Release|Any CPU
		{B0CE2451-59FA-4447-A3E7-FB6B6FF06881}.Release|Mixed Platforms.Build.0 = Release|Any CPU
		{B0CE2451-59FA-4447-A3E7-FB6B6FF06881}.Release|x86.ActiveCfg = Release|Any CPU
		{26E09F96-7484-4BAE-9BA3-6A66738523EF}.Debug|Any CPU.ActiveCfg = Debug|Any CPU
		{26E09F96-7484-4BAE-9BA3-6A66738523EF}.Debug|Any CPU.Build.0 = Debug|Any CPU
		{26E09F96-7484-4BAE-9BA3-6A66738523EF}.Debug|Mixed Platforms.ActiveCfg = Debug|Any CPU
		{26E09F96-7484-4BAE-9BA3-6A66738523EF}.Debug|Mixed Platforms.Build.0 = Debug|Any CPU
		{26E09F96-7484-4BAE-9BA3-6A66738523EF}.Debug|x86.ActiveCfg = Debug|Any CPU
		{26E09F96-7484-4BAE-9BA3-6A66738523EF}.Development|Any CPU.ActiveCfg = Debug|Any CPU
		{26E09F96-7484-4BAE-9BA3-6A66738523EF}.Development|Any CPU.Build.0 = Debug|Any CPU
		{26E09F96-7484-4BAE-9BA3-6A66738523EF}.Development|Mixed Platforms.ActiveCfg = Debug|Any CPU
		{26E09F96-7484-4BAE-9BA3-6A66738523EF}.Development|Mixed Platforms.Build.0 = Debug|Any CPU
		{26E09F96-7484-4BAE-9BA3-6A66738523EF}.Development|x86.ActiveCfg = Debug|Any CPU
		{26E09F96-7484-4BAE-9BA3-6A66738523EF}.Release|Any CPU.ActiveCfg = Release|Any CPU
		{26E09F96-7484-4BAE-9BA3-6A66738523EF}.Release|Any CPU.Build.0 = Release|Any CPU
		{26E09F96-7484-4BAE-9BA3-6A66738523EF}.Release|Mixed Platforms.ActiveCfg = Release|Any CPU
		{26E09F96-7484-4BAE-9BA3-6A66738523EF}.Release|Mixed Platforms.Build.0 = Release|Any CPU
		{26E09F96-7484-4BAE-9BA3-6A66738523EF}.Release|x86.ActiveCfg = Release|Any CPU
		{BA8885C3-CA2A-4DFA-A8A6-6722DB463BA3}.Debug|Any CPU.ActiveCfg = Debug|x86
		{BA8885C3-CA2A-4DFA-A8A6-6722DB463BA3}.Debug|Mixed Platforms.ActiveCfg = Debug|x86
		{BA8885C3-CA2A-4DFA-A8A6-6722DB463BA3}.Debug|Mixed Platforms.Build.0 = Debug|x86
		{BA8885C3-CA2A-4DFA-A8A6-6722DB463BA3}.Debug|x86.ActiveCfg = Debug|x86
		{BA8885C3-CA2A-4DFA-A8A6-6722DB463BA3}.Debug|x86.Build.0 = Debug|x86
		{BA8885C3-CA2A-4DFA-A8A6-6722DB463BA3}.Development|Any CPU.ActiveCfg = Debug|x86
		{BA8885C3-CA2A-4DFA-A8A6-6722DB463BA3}.Development|Mixed Platforms.ActiveCfg = Debug|x86
		{BA8885C3-CA2A-4DFA-A8A6-6722DB463BA3}.Development|Mixed Platforms.Build.0 = Debug|x86
		{BA8885C3-CA2A-4DFA-A8A6-6722DB463BA3}.Development|x86.ActiveCfg = Debug|x86
		{BA8885C3-CA2A-4DFA-A8A6-6722DB463BA3}.Development|x86.Build.0 = Debug|x86
		{BA8885C3-CA2A-4DFA-A8A6-6722DB463BA3}.Release|Any CPU.ActiveCfg = Release|x86
		{BA8885C3-CA2A-4DFA-A8A6-6722DB463BA3}.Release|Mixed Platforms.ActiveCfg = Release|x86
		{BA8885C3-CA2A-4DFA-A8A6-6722DB463BA3}.Release|Mixed Platforms.Build.0 = Release|x86
		{BA8885C3-CA2A-4DFA-A8A6-6722DB463BA3}.Release|x86.ActiveCfg = Release|x86
		{BA8885C3-CA2A-4DFA-A8A6-6722DB463BA3}.Release|x86.Build.0 = Release|x86
	EndGlobalSection
	GlobalSection(SolutionProperties) = preSolution
		HideSolutionNode = FALSE
	EndGlobalSection
	GlobalSection(NestedProjects) = preSolution
		{2988EA16-FBA2-46D4-8D3A-85899FE9EBD0} = {A8DB4073-BEBC-424D-8239-9A45B8B9BC6B}
		{B5745945-E479-483F-8853-686632796022} = {A8DB4073-BEBC-424D-8239-9A45B8B9BC6B}
		{575AAD90-8A16-4834-BBD6-ED9B27C4BE0A} = {A8DB4073-BEBC-424D-8239-9A45B8B9BC6B}
		{76887EF8-E695-421A-BD32-8F7C9B3453B6} = {A8DB4073-BEBC-424D-8239-9A45B8B9BC6B}
		{EA5FD96C-12F8-4234-A5E6-13C01F312843} = {A8DB4073-BEBC-424D-8239-9A45B8B9BC6B}
		{B4BA415A-FE50-429A-8034-714AEEB4E7A0} = {A8DB4073-BEBC-424D-8239-9A45B8B9BC6B}
		{D6210432-17AE-41FE-A73A-69D9C9777FA9} = {A8DB4073-BEBC-424D-8239-9A45B8B9BC6B}
		{68A772C3-C742-4282-A5B3-2A11C17FC867} = {5FF99639-0D11-4903-B819-F9D0DAADEB30}
		{3EF7105F-5854-49AC-8EA2-C6DDECC0864F} = {5FF99639-0D11-4903-B819-F9D0DAADEB30}
		{063AA617-A51A-4A18-8711-A549AF5A3CCF} = {5FF99639-0D11-4903-B819-F9D0DAADEB30}
		{0E5CC355-9429-4AA4-A977-864FBE1D78AD} = {5FF99639-0D11-4903-B819-F9D0DAADEB30}
		{B0CE2451-59FA-4447-A3E7-FB6B6FF06881} = {5FF99639-0D11-4903-B819-F9D0DAADEB30}
		{26E09F96-7484-4BAE-9BA3-6A66738523EF} = {5FF99639-0D11-4903-B819-F9D0DAADEB30}
		{BA8885C3-CA2A-4DFA-A8A6-6722DB463BA3} = {5FF99639-0D11-4903-B819-F9D0DAADEB30}
		{D73A25A5-CE2D-432B-B18A-F914E451B348} = {CC18C824-5846-486E-B804-A22CD332AA2A}
		{D67FDCA6-EDE3-401B-950F-40435DBF0058} = {57D64E3D-D026-4C87-AB0E-990C9C07B119}
		{B30FD063-1790-4E66-B251-E5EAB44D6499} = {57D64E3D-D026-4C87-AB0E-990C9C07B119}
		{3A132538-2971-4B26-8B3D-E574BCC6C428} = {57D64E3D-D026-4C87-AB0E-990C9C07B119}
		{CA26C542-B450-4890-9A48-8B03FC18371F} = {57D64E3D-D026-4C87-AB0E-990C9C07B119}
	EndGlobalSection
	GlobalSection(ExtensibilityGlobals) = postSolution
		EnterpriseLibraryConfigurationToolBinariesPath = packages\Unity.2.1.505.2\lib\NET35;packages\Unity.Interception.2.1.505.2\lib\NET35;packages\EnterpriseLibrary.Common.5.0.505.0\lib\NET35;packages\EnterpriseLibrary.Logging.5.0.505.1\lib\NET35
	EndGlobalSection
EndGlobal
